
Microsoft Visual Studio Solution File, Format Version 12.00
# Visual Studio Version 17
VisualStudioVersion = 17.0.31903.59
MinimumVisualStudioVersion = 10.0.40219.1
Project("{FAE04EC0-301F-11D3-BF4B-00C04F79EFBC}") = "_12_01_Ctor", "_12_01_Ctor\_12_01_Ctor.csproj", "{4A8E5844-5823-43D9-8D97-2CFDA5DC6EC9}"
EndProject
Project("{FAE04EC0-301F-11D3-BF4B-00C04F79EFBC}") = "_12_02_RefVal", "_12_02_RefVal\_12_02_RefVal.csproj", "{2D6026AF-2D93-4DBE-B84B-9FEF033C77B4}"
EndProject
Project("{FAE04EC0-301F-11D3-BF4B-00C04F79EFBC}") = "_12_03_static", "_12_03_static\_12_03_static.csproj", "{84184D0E-14EB-4004-A51D-50DB88671740}"
EndProject
Global
	GlobalSection(SolutionConfigurationPlatforms) = preSolution
		Debug|Any CPU = Debug|Any CPU
		Release|Any CPU = Release|Any CPU
	EndGlobalSection
	GlobalSection(SolutionProperties) = preSolution
		HideSolutionNode = FALSE
	EndGlobalSection
	GlobalSection(ProjectConfigurationPlatforms) = postSolution
		{4A8E5844-5823-43D9-8D97-2CFDA5DC6EC9}.Debug|Any CPU.ActiveCfg = Debug|Any CPU
		{4A8E5844-5823-43D9-8D97-2CFDA5DC6EC9}.Debug|Any CPU.Build.0 = Debug|Any CPU
		{4A8E5844-5823-43D9-8D97-2CFDA5DC6EC9}.Release|Any CPU.ActiveCfg = Release|Any CPU
		{4A8E5844-5823-43D9-8D97-2CFDA5DC6EC9}.Release|Any CPU.Build.0 = Release|Any CPU
		{2D6026AF-2D93-4DBE-B84B-9FEF033C77B4}.Debug|Any CPU.ActiveCfg = Debug|Any CPU
		{2D6026AF-2D93-4DBE-B84B-9FEF033C77B4}.Debug|Any CPU.Build.0 = Debug|Any CPU
		{2D6026AF-2D93-4DBE-B84B-9FEF033C77B4}.Release|Any CPU.ActiveCfg = Release|Any CPU
		{2D6026AF-2D93-4DBE-B84B-9FEF033C77B4}.Release|Any CPU.Build.0 = Release|Any CPU
		{84184D0E-14EB-4004-A51D-50DB88671740}.Debug|Any CPU.ActiveCfg = Debug|Any CPU
		{84184D0E-14EB-4004-A51D-50DB88671740}.Debug|Any CPU.Build.0 = Debug|Any CPU
		{84184D0E-14EB-4004-A51D-50DB88671740}.Release|Any CPU.ActiveCfg = Release|Any CPU
		{84184D0E-14EB-4004-A51D-50DB88671740}.Release|Any CPU.Build.0 = Release|Any CPU
	EndGlobalSection
EndGlobal
