Microsoft Visual Studio Solution File, Format Version 12.00
# Visual Studio Version 17
VisualStudioVersion = 17.5.2.0
MinimumVisualStudioVersion = 10.0.40219.1
Project("{FAE04EC0-301F-11D3-BF4B-00C04F79EFBC}") = "_07_02_OOPBasics", "_07_02_OOPBasics.csproj", "{1AF79A40-5636-6A90-5C6E-DAC10FFB3C14}"
EndProject
Global
	GlobalSection(SolutionConfigurationPlatforms) = preSolution
		Debug|Any CPU = Debug|Any CPU
		Release|Any CPU = Release|Any CPU
	EndGlobalSection
	GlobalSection(ProjectConfigurationPlatforms) = postSolution
		{1AF79A40-5636-6A90-5C6E-DAC10FFB3C14}.Debug|Any CPU.ActiveCfg = Debug|Any CPU
		{1AF79A40-5636-6A90-5C6E-DAC10FFB3C14}.Debug|Any CPU.Build.0 = Debug|Any CPU
		{1AF79A40-5636-6A90-5C6E-DAC10FFB3C14}.Release|Any CPU.ActiveCfg = Release|Any CPU
		{1AF79A40-5636-6A90-5C6E-DAC10FFB3C14}.Release|Any CPU.Build.0 = Release|Any CPU
	EndGlobalSection
	GlobalSection(SolutionProperties) = preSolution
		HideSolutionNode = FALSE
	EndGlobalSection
	GlobalSection(ExtensibilityGlobals) = postSolution
		SolutionGuid = {78DDBEEC-AC7A-4E43-8F28-D1B14F3AEB16}
	EndGlobalSection
EndGlobal
