
Microsoft Visual Studio Solution File, Format Version 12.00
# Visual Studio Version 17
VisualStudioVersion = 17.0.31903.59
MinimumVisualStudioVersion = 10.0.40219.1
Project("{FAE04EC0-301F-11D3-BF4B-00C04F79EFBC}") = "_05_01_Array", "_05_01_Array\_05_01_Array.csproj", "{B6E1C93D-B19C-4FFF-8659-5C7625E80B2F}"
EndProject
Project("{FAE04EC0-301F-11D3-BF4B-00C04F79EFBC}") = "_05_02_foreach", "_05_02_foreach\_05_02_foreach.csproj", "{8FDDB67E-D684-44FF-BFE6-C1CF9C4B9339}"
EndProject
Project("{FAE04EC0-301F-11D3-BF4B-00C04F79EFBC}") = "_05_03_while_loop", "_05_03_while_loop\_05_03_while_loop.csproj", "{1A8D0B6E-E3E9-4A9D-996D-766B8225C630}"
EndProject
Project("{FAE04EC0-301F-11D3-BF4B-00C04F79EFBC}") = "_05_04_doWhileLoop", "_05_04_doWhileLoop\_05_04_doWhileLoop.csproj", "{BAB5A013-63B1-4EF2-B64D-8685186EF73D}"
EndProject
Project("{FAE04EC0-301F-11D3-BF4B-00C04F79EFBC}") = "_05_05_StudentApp", "_05_05_StudentApp\_05_05_StudentApp.csproj", "{DAFBC056-0C62-42DE-AEF9-87219421A1D5}"
EndProject
Global
	GlobalSection(SolutionConfigurationPlatforms) = preSolution
		Debug|Any CPU = Debug|Any CPU
		Release|Any CPU = Release|Any CPU
	EndGlobalSection
	GlobalSection(SolutionProperties) = preSolution
		HideSolutionNode = FALSE
	EndGlobalSection
	GlobalSection(ProjectConfigurationPlatforms) = postSolution
		{B6E1C93D-B19C-4FFF-8659-5C7625E80B2F}.Debug|Any CPU.ActiveCfg = Debug|Any CPU
		{B6E1C93D-B19C-4FFF-8659-5C7625E80B2F}.Debug|Any CPU.Build.0 = Debug|Any CPU
		{B6E1C93D-B19C-4FFF-8659-5C7625E80B2F}.Release|Any CPU.ActiveCfg = Release|Any CPU
		{B6E1C93D-B19C-4FFF-8659-5C7625E80B2F}.Release|Any CPU.Build.0 = Release|Any CPU
		{8FDDB67E-D684-44FF-BFE6-C1CF9C4B9339}.Debug|Any CPU.ActiveCfg = Debug|Any CPU
		{8FDDB67E-D684-44FF-BFE6-C1CF9C4B9339}.Debug|Any CPU.Build.0 = Debug|Any CPU
		{8FDDB67E-D684-44FF-BFE6-C1CF9C4B9339}.Release|Any CPU.ActiveCfg = Release|Any CPU
		{8FDDB67E-D684-44FF-BFE6-C1CF9C4B9339}.Release|Any CPU.Build.0 = Release|Any CPU
		{1A8D0B6E-E3E9-4A9D-996D-766B8225C630}.Debug|Any CPU.ActiveCfg = Debug|Any CPU
		{1A8D0B6E-E3E9-4A9D-996D-766B8225C630}.Debug|Any CPU.Build.0 = Debug|Any CPU
		{1A8D0B6E-E3E9-4A9D-996D-766B8225C630}.Release|Any CPU.ActiveCfg = Release|Any CPU
		{1A8D0B6E-E3E9-4A9D-996D-766B8225C630}.Release|Any CPU.Build.0 = Release|Any CPU
		{BAB5A013-63B1-4EF2-B64D-8685186EF73D}.Debug|Any CPU.ActiveCfg = Debug|Any CPU
		{BAB5A013-63B1-4EF2-B64D-8685186EF73D}.Debug|Any CPU.Build.0 = Debug|Any CPU
		{BAB5A013-63B1-4EF2-B64D-8685186EF73D}.Release|Any CPU.ActiveCfg = Release|Any CPU
		{BAB5A013-63B1-4EF2-B64D-8685186EF73D}.Release|Any CPU.Build.0 = Release|Any CPU
		{DAFBC056-0C62-42DE-AEF9-87219421A1D5}.Debug|Any CPU.ActiveCfg = Debug|Any CPU
		{DAFBC056-0C62-42DE-AEF9-87219421A1D5}.Debug|Any CPU.Build.0 = Debug|Any CPU
		{DAFBC056-0C62-42DE-AEF9-87219421A1D5}.Release|Any CPU.ActiveCfg = Release|Any CPU
		{DAFBC056-0C62-42DE-AEF9-87219421A1D5}.Release|Any CPU.Build.0 = Release|Any CPU
	EndGlobalSection
EndGlobal
