
Microsoft Visual Studio Solution File, Format Version 12.00
# Visual Studio Version 17
VisualStudioVersion = 17.0.31903.59
MinimumVisualStudioVersion = 10.0.40219.1
Project("{FAE04EC0-301F-11D3-BF4B-00C04F79EFBC}") = "_10_01_AbstractClass", "_10_01_AbstractClass\_10_01_AbstractClass.csproj", "{D020954B-FE24-4432-9B71-9B56072E39AE}"
EndProject
Global
	GlobalSection(SolutionConfigurationPlatforms) = preSolution
		Debug|Any CPU = Debug|Any CPU
		Release|Any CPU = Release|Any CPU
	EndGlobalSection
	GlobalSection(SolutionProperties) = preSolution
		HideSolutionNode = FALSE
	EndGlobalSection
	GlobalSection(ProjectConfigurationPlatforms) = postSolution
		{D020954B-FE24-4432-9B71-9B56072E39AE}.Debug|Any CPU.ActiveCfg = Debug|Any CPU
		{D020954B-FE24-4432-9B71-9B56072E39AE}.Debug|Any CPU.Build.0 = Debug|Any CPU
		{D020954B-FE24-4432-9B71-9B56072E39AE}.Release|Any CPU.ActiveCfg = Release|Any CPU
		{D020954B-FE24-4432-9B71-9B56072E39AE}.Release|Any CPU.Build.0 = Release|Any CPU
	EndGlobalSection
EndGlobal
