
Microsoft Visual Studio Solution File, Format Version 12.00
# Visual Studio Version 17
VisualStudioVersion = 17.0.31903.59
MinimumVisualStudioVersion = 10.0.40219.1
Project("{FAE04EC0-301F-11D3-BF4B-00C04F79EFBC}") = "_08_02_Inheritance", "_08_02_Inheritance\_08_02_Inheritance.csproj", "{380898D5-9821-442D-9E29-2AEEC28F04E3}"
EndProject
Project("{FAE04EC0-301F-11D3-BF4B-00C04F79EFBC}") = "_08_03_VirtualOverride", "_08_03_VirtualOverride\_08_03_VirtualOverride.csproj", "{29E20EDB-594D-45C1-BC4D-8CB6D8E71D02}"
EndProject
Project("{FAE04EC0-301F-11D3-BF4B-00C04F79EFBC}") = "_08_01_OOPBasics", "_08_01_OOPBasics\_08_01_OOPBasics.csproj", "{B227937A-D33A-4ACD-8813-CD4822D348B9}"
EndProject
Project("{FAE04EC0-301F-11D3-BF4B-00C04F79EFBC}") = "_08_04_HierarchicalInheritance", "_08_04_HierarchicalInheritance\_08_04_HierarchicalInheritance.csproj", "{DDCF73C5-FA19-45BC-9C9C-9A6197CE0629}"
EndProject
Global
	GlobalSection(SolutionConfigurationPlatforms) = preSolution
		Debug|Any CPU = Debug|Any CPU
		Release|Any CPU = Release|Any CPU
	EndGlobalSection
	GlobalSection(ProjectConfigurationPlatforms) = postSolution
		{380898D5-9821-442D-9E29-2AEEC28F04E3}.Debug|Any CPU.ActiveCfg = Debug|Any CPU
		{380898D5-9821-442D-9E29-2AEEC28F04E3}.Debug|Any CPU.Build.0 = Debug|Any CPU
		{380898D5-9821-442D-9E29-2AEEC28F04E3}.Release|Any CPU.ActiveCfg = Release|Any CPU
		{380898D5-9821-442D-9E29-2AEEC28F04E3}.Release|Any CPU.Build.0 = Release|Any CPU
		{29E20EDB-594D-45C1-BC4D-8CB6D8E71D02}.Debug|Any CPU.ActiveCfg = Debug|Any CPU
		{29E20EDB-594D-45C1-BC4D-8CB6D8E71D02}.Debug|Any CPU.Build.0 = Debug|Any CPU
		{29E20EDB-594D-45C1-BC4D-8CB6D8E71D02}.Release|Any CPU.ActiveCfg = Release|Any CPU
		{29E20EDB-594D-45C1-BC4D-8CB6D8E71D02}.Release|Any CPU.Build.0 = Release|Any CPU
		{B227937A-D33A-4ACD-8813-CD4822D348B9}.Debug|Any CPU.ActiveCfg = Debug|Any CPU
		{B227937A-D33A-4ACD-8813-CD4822D348B9}.Debug|Any CPU.Build.0 = Debug|Any CPU
		{B227937A-D33A-4ACD-8813-CD4822D348B9}.Release|Any CPU.ActiveCfg = Release|Any CPU
		{B227937A-D33A-4ACD-8813-CD4822D348B9}.Release|Any CPU.Build.0 = Release|Any CPU
		{DDCF73C5-FA19-45BC-9C9C-9A6197CE0629}.Debug|Any CPU.ActiveCfg = Debug|Any CPU
		{DDCF73C5-FA19-45BC-9C9C-9A6197CE0629}.Debug|Any CPU.Build.0 = Debug|Any CPU
		{DDCF73C5-FA19-45BC-9C9C-9A6197CE0629}.Release|Any CPU.ActiveCfg = Release|Any CPU
		{DDCF73C5-FA19-45BC-9C9C-9A6197CE0629}.Release|Any CPU.Build.0 = Release|Any CPU
	EndGlobalSection
	GlobalSection(SolutionProperties) = preSolution
		HideSolutionNode = FALSE
	EndGlobalSection
EndGlobal
