
Microsoft Visual Studio Solution File, Format Version 12.00
# Visual Studio Version 17
VisualStudioVersion = 17.12.35527.113 d17.12
MinimumVisualStudioVersion = 10.0.40219.1
Project("{FAE04EC0-301F-11D3-BF4B-00C04F79EFBC}") = "_15_01_TryCatch", "_15_01_TryCatch\_15_01_TryCatch.csproj", "{8361ECA0-76F0-40ED-B7E1-0660BF1789A5}"
EndProject
Project("{FAE04EC0-301F-11D3-BF4B-00C04F79EFBC}") = "_15_02_try_catch", "_15_02_try_catch\_15_02_try_catch.csproj", "{D21B915A-B182-4BD1-B8D3-821AC36B6897}"
EndProject
Project("{FAE04EC0-301F-11D3-BF4B-00C04F79EFBC}") = "Errors", "Errors\Errors.csproj", "{D73AE546-DE0F-4014-A4E0-D9CD7F2AAC7E}"
EndProject
Project("{FAE04EC0-301F-11D3-BF4B-00C04F79EFBC}") = "15_03_CustomException", "15_03_CustomException\15_03_CustomException.csproj", "{526654BB-62CA-42FF-8A0A-57B431269807}"
EndProject
Project("{FAE04EC0-301F-11D3-BF4B-00C04F79EFBC}") = "15_04_CustomExceptionManagement", "15_04_CustomExceptionManagement\15_04_CustomExceptionManagement.csproj", "{33DA30B2-FA00-4236-A584-EB7DACC85B1A}"
EndProject
Global
	GlobalSection(SolutionConfigurationPlatforms) = preSolution
		Debug|Any CPU = Debug|Any CPU
		Release|Any CPU = Release|Any CPU
	EndGlobalSection
	GlobalSection(ProjectConfigurationPlatforms) = postSolution
		{8361ECA0-76F0-40ED-B7E1-0660BF1789A5}.Debug|Any CPU.ActiveCfg = Debug|Any CPU
		{8361ECA0-76F0-40ED-B7E1-0660BF1789A5}.Debug|Any CPU.Build.0 = Debug|Any CPU
		{8361ECA0-76F0-40ED-B7E1-0660BF1789A5}.Release|Any CPU.ActiveCfg = Release|Any CPU
		{8361ECA0-76F0-40ED-B7E1-0660BF1789A5}.Release|Any CPU.Build.0 = Release|Any CPU
		{D21B915A-B182-4BD1-B8D3-821AC36B6897}.Debug|Any CPU.ActiveCfg = Debug|Any CPU
		{D21B915A-B182-4BD1-B8D3-821AC36B6897}.Debug|Any CPU.Build.0 = Debug|Any CPU
		{D21B915A-B182-4BD1-B8D3-821AC36B6897}.Release|Any CPU.ActiveCfg = Release|Any CPU
		{D21B915A-B182-4BD1-B8D3-821AC36B6897}.Release|Any CPU.Build.0 = Release|Any CPU
		{D73AE546-DE0F-4014-A4E0-D9CD7F2AAC7E}.Debug|Any CPU.ActiveCfg = Debug|Any CPU
		{D73AE546-DE0F-4014-A4E0-D9CD7F2AAC7E}.Debug|Any CPU.Build.0 = Debug|Any CPU
		{D73AE546-DE0F-4014-A4E0-D9CD7F2AAC7E}.Release|Any CPU.ActiveCfg = Release|Any CPU
		{D73AE546-DE0F-4014-A4E0-D9CD7F2AAC7E}.Release|Any CPU.Build.0 = Release|Any CPU
		{526654BB-62CA-42FF-8A0A-57B431269807}.Debug|Any CPU.ActiveCfg = Debug|Any CPU
		{526654BB-62CA-42FF-8A0A-57B431269807}.Debug|Any CPU.Build.0 = Debug|Any CPU
		{526654BB-62CA-42FF-8A0A-57B431269807}.Release|Any CPU.ActiveCfg = Release|Any CPU
		{526654BB-62CA-42FF-8A0A-57B431269807}.Release|Any CPU.Build.0 = Release|Any CPU
		{33DA30B2-FA00-4236-A584-EB7DACC85B1A}.Debug|Any CPU.ActiveCfg = Debug|Any CPU
		{33DA30B2-FA00-4236-A584-EB7DACC85B1A}.Debug|Any CPU.Build.0 = Debug|Any CPU
		{33DA30B2-FA00-4236-A584-EB7DACC85B1A}.Release|Any CPU.ActiveCfg = Release|Any CPU
		{33DA30B2-FA00-4236-A584-EB7DACC85B1A}.Release|Any CPU.Build.0 = Release|Any CPU
	EndGlobalSection
	GlobalSection(SolutionProperties) = preSolution
		HideSolutionNode = FALSE
	EndGlobalSection
EndGlobal
